
Microsoft Visual Studio Solution File, Format Version 12.00
# Visual Studio 2012
Project("{f2a71f9b-5d33-465a-a702-920d77279786}") = "ReleaseBindingTest.iOS", "iOS\ReleaseBindingTest.iOS.fsproj", "{722E53F3-007E-44A9-923A-B5692A22AC8E}"
EndProject
Project("{f2a71f9b-5d33-465a-a702-920d77279786}") = "ReleaseBindingTest.Droid", "Droid\ReleaseBindingTest.Droid.fsproj", "{8BEEDF7C-14F0-43B8-B194-E8C85B9125E6}"
EndProject
Project("{f2a71f9b-5d33-465a-a702-920d77279786}") = "ReleaseBindingTest", "ReleaseBindingTest\ReleaseBindingTest.fsproj", "{581FD5B7-F92B-4821-A76E-1E0A0E8C9DAC}"
EndProject
Global
	GlobalSection(SolutionConfigurationPlatforms) = preSolution
		Debug|iPhoneSimulator = Debug|iPhoneSimulator
		Release|iPhone = Release|iPhone
		Release|iPhoneSimulator = Release|iPhoneSimulator
		Debug|iPhone = Debug|iPhone
		Debug|Any CPU = Debug|Any CPU
		Release|Any CPU = Release|Any CPU
	EndGlobalSection
	GlobalSection(ProjectConfigurationPlatforms) = postSolution
		{722E53F3-007E-44A9-923A-B5692A22AC8E}.Debug|iPhoneSimulator.ActiveCfg = Debug|iPhoneSimulator
		{722E53F3-007E-44A9-923A-B5692A22AC8E}.Debug|iPhoneSimulator.Build.0 = Debug|iPhoneSimulator
		{722E53F3-007E-44A9-923A-B5692A22AC8E}.Release|iPhone.ActiveCfg = Release|iPhone
		{722E53F3-007E-44A9-923A-B5692A22AC8E}.Release|iPhone.Build.0 = Release|iPhone
		{722E53F3-007E-44A9-923A-B5692A22AC8E}.Release|iPhoneSimulator.ActiveCfg = Release|iPhoneSimulator
		{722E53F3-007E-44A9-923A-B5692A22AC8E}.Release|iPhoneSimulator.Build.0 = Release|iPhoneSimulator
		{722E53F3-007E-44A9-923A-B5692A22AC8E}.Debug|iPhone.ActiveCfg = Debug|iPhone
		{722E53F3-007E-44A9-923A-B5692A22AC8E}.Debug|iPhone.Build.0 = Debug|iPhone
		{722E53F3-007E-44A9-923A-B5692A22AC8E}.Debug|Any CPU.ActiveCfg = Debug|iPhoneSimulator
		{722E53F3-007E-44A9-923A-B5692A22AC8E}.Debug|Any CPU.Build.0 = Debug|iPhoneSimulator
		{722E53F3-007E-44A9-923A-B5692A22AC8E}.Release|Any CPU.ActiveCfg = Release|iPhone
		{722E53F3-007E-44A9-923A-B5692A22AC8E}.Release|Any CPU.Build.0 = Release|iPhone
		{8BEEDF7C-14F0-43B8-B194-E8C85B9125E6}.Debug|iPhoneSimulator.ActiveCfg = Debug|Any CPU
		{8BEEDF7C-14F0-43B8-B194-E8C85B9125E6}.Debug|iPhoneSimulator.Build.0 = Debug|Any CPU
		{8BEEDF7C-14F0-43B8-B194-E8C85B9125E6}.Release|iPhone.ActiveCfg = Release|Any CPU
		{8BEEDF7C-14F0-43B8-B194-E8C85B9125E6}.Release|iPhone.Build.0 = Release|Any CPU
		{8BEEDF7C-14F0-43B8-B194-E8C85B9125E6}.Release|iPhoneSimulator.ActiveCfg = Release|Any CPU
		{8BEEDF7C-14F0-43B8-B194-E8C85B9125E6}.Release|iPhoneSimulator.Build.0 = Release|Any CPU
		{8BEEDF7C-14F0-43B8-B194-E8C85B9125E6}.Debug|iPhone.ActiveCfg = Debug|Any CPU
		{8BEEDF7C-14F0-43B8-B194-E8C85B9125E6}.Debug|iPhone.Build.0 = Debug|Any CPU
		{8BEEDF7C-14F0-43B8-B194-E8C85B9125E6}.Debug|Any CPU.ActiveCfg = Debug|Any CPU
		{8BEEDF7C-14F0-43B8-B194-E8C85B9125E6}.Debug|Any CPU.Build.0 = Debug|Any CPU
		{8BEEDF7C-14F0-43B8-B194-E8C85B9125E6}.Release|Any CPU.ActiveCfg = Release|Any CPU
		{8BEEDF7C-14F0-43B8-B194-E8C85B9125E6}.Release|Any CPU.Build.0 = Release|Any CPU
		{581FD5B7-F92B-4821-A76E-1E0A0E8C9DAC}.Debug|iPhoneSimulator.ActiveCfg = Debug|Any CPU
		{581FD5B7-F92B-4821-A76E-1E0A0E8C9DAC}.Debug|iPhoneSimulator.Build.0 = Debug|Any CPU
		{581FD5B7-F92B-4821-A76E-1E0A0E8C9DAC}.Release|iPhone.ActiveCfg = Release|Any CPU
		{581FD5B7-F92B-4821-A76E-1E0A0E8C9DAC}.Release|iPhone.Build.0 = Release|Any CPU
		{581FD5B7-F92B-4821-A76E-1E0A0E8C9DAC}.Release|iPhoneSimulator.ActiveCfg = Release|Any CPU
		{581FD5B7-F92B-4821-A76E-1E0A0E8C9DAC}.Release|iPhoneSimulator.Build.0 = Release|Any CPU
		{581FD5B7-F92B-4821-A76E-1E0A0E8C9DAC}.Debug|iPhone.ActiveCfg = Debug|Any CPU
		{581FD5B7-F92B-4821-A76E-1E0A0E8C9DAC}.Debug|iPhone.Build.0 = Debug|Any CPU
		{581FD5B7-F92B-4821-A76E-1E0A0E8C9DAC}.Debug|Any CPU.ActiveCfg = Debug|Any CPU
		{581FD5B7-F92B-4821-A76E-1E0A0E8C9DAC}.Debug|Any CPU.Build.0 = Debug|Any CPU
		{581FD5B7-F92B-4821-A76E-1E0A0E8C9DAC}.Release|Any CPU.ActiveCfg = Release|Any CPU
		{581FD5B7-F92B-4821-A76E-1E0A0E8C9DAC}.Release|Any CPU.Build.0 = Release|Any CPU
	EndGlobalSection
EndGlobal
